// !$*UTF8*$!
{
	archiveVersion = 1;
	classes = {
	};
	objectVersion = 46;
	objects = {

/* Begin PBXBuildFile section */
		71DDBD9E1E05938A006CD446 /* main.cpp in Sources */ = {isa = PBXBuildFile; fileRef = 71DDBD9D1E05938A006CD446 /* main.cpp */; };
		71DDBDA61E0593A8006CD446 /* mongoose.c in Sources */ = {isa = PBXBuildFile; fileRef = 71DDBDA51E0593A8006CD446 /* mongoose.c */; };
/* End PBXBuildFile section */

/* Begin PBXCopyFilesBuildPhase section */
		71DDBD981E05938A006CD446 /* CopyFiles */ = {
			isa = PBXCopyFilesBuildPhase;
			buildActionMask = 2147483647;
			dstPath = /usr/share/man/man1/;
			dstSubfolderSpec = 0;
			files = (
			);
			runOnlyForDeploymentPostprocessing = 1;
		};
/* End PBXCopyFilesBuildPhase section */

/* Begin PBXFileReference section */
		71DDBD9A1E05938A006CD446 /* StreamanillaClient */ = {isa = PBXFileReference; explicitFileType = "compiled.mach-o.executable"; includeInIndex = 0; path = StreamanillaClient; sourceTree = BUILT_PRODUCTS_DIR; };
		71DDBD9D1E05938A006CD446 /* main.cpp */ = {isa = PBXFileReference; lastKnownFileType = sourcecode.cpp.cpp; path = main.cpp; sourceTree = "<group>"; };
		71DDBDA41E0593A0006CD446 /* mongoose.h */ = {isa = PBXFileReference; fileEncoding = 4; lastKnownFileType = sourcecode.c.h; path = mongoose.h; sourceTree = "<group>"; };
		71DDBDA51E0593A8006CD446 /* mongoose.c */ = {isa = PBXFileReference; fileEncoding = 4; lastKnownFileType = sourcecode.c.c; path = mongoose.c; sourceTree = "<group>"; };
/* End PBXFileReference section */

/* Begin PBXFrameworksBuildPhase section */
		71DDBD971E05938A006CD446 /* Frameworks */ = {
			isa = PBXFrameworksBuildPhase;
			buildActionMask = 2147483647;
			files = (
			);
			runOnlyForDeploymentPostprocessing = 0;
		};
/* End PBXFrameworksBuildPhase section */

/* Begin PBXGroup section */
		71DDBD911E05938A006CD446 = {
			isa = PBXGroup;
			children = (
				71DDBD9C1E05938A006CD446 /* StreamanillaClient */,
				71DDBD9B1E05938A006CD446 /* Products */,
			);
			sourceTree = "<group>";
		};
		71DDBD9B1E05938A006CD446 /* Products */ = {
			isa = PBXGroup;
			children = (
				71DDBD9A1E05938A006CD446 /* StreamanillaClient */,
			);
			name = Products;
			sourceTree = "<group>";
		};
		71DDBD9C1E05938A006CD446 /* StreamanillaClient */ = {
			isa = PBXGroup;
			children = (
				71DDBDA51E0593A8006CD446 /* mongoose.c */,
				71DDBDA41E0593A0006CD446 /* mongoose.h */,
				71DDBD9D1E05938A006CD446 /* main.cpp */,
			);
			path = StreamanillaClient;
			sourceTree = "<group>";
		};
/* End PBXGroup section */

/* Begin PBXNativeTarget section */
		71DDBD991E05938A006CD446 /* StreamanillaClient */ = {
			isa = PBXNativeTarget;
			buildConfigurationList = 71DDBDA11E05938A006CD446 /* Build configuration list for PBXNativeTarget "StreamanillaClient" */;
			buildPhases = (
				71DDBD961E05938A006CD446 /* Sources */,
				71DDBD971E05938A006CD446 /* Frameworks */,
				71DDBD981E05938A006CD446 /* CopyFiles */,
			);
			buildRules = (
			);
			dependencies = (
			);
			name = StreamanillaClient;
			productName = StreamanillaClient;
			productReference = 71DDBD9A1E05938A006CD446 /* StreamanillaClient */;
			productType = "com.apple.product-type.tool";
		};
/* End PBXNativeTarget section */

/* Begin PBXProject section */
		71DDBD921E05938A006CD446 /* Project object */ = {
			isa = PBXProject;
			attributes = {
				LastUpgradeCheck = 0820;
				ORGANIZATIONNAME = dmi3coder;
				TargetAttributes = {
					71DDBD991E05938A006CD446 = {
						CreatedOnToolsVersion = 8.2;
						ProvisioningStyle = Automatic;
					};
				};
			};
			buildConfigurationList = 71DDBD951E05938A006CD446 /* Build configuration list for PBXProject "StreamanillaClient" */;
			compatibilityVersion = "Xcode 3.2";
			developmentRegion = English;
			hasScannedForEncodings = 0;
			knownRegions = (
				en,
			);
			mainGroup = 71DDBD911E05938A006CD446;
			productRefGroup = 71DDBD9B1E05938A006CD446 /* Products */;
			projectDirPath = "";
			projectRoot = "";
			targets = (
				71DDBD991E05938A006CD446 /* StreamanillaClient */,
			);
		};
/* End PBXProject section */

/* Begin PBXSourcesBuildPhase section */
		71DDBD961E05938A006CD446 /* Sources */ = {
			isa = PBXSourcesBuildPhase;
			buildActionMask = 2147483647;
			files = (
				71DDBDA61E0593A8006CD446 /* mongoose.c in Sources */,
				71DDBD9E1E05938A006CD446 /* main.cpp in Sources */,
			);
			runOnlyForDeploymentPostprocessing = 0;
		};
/* End PBXSourcesBuildPhase section */

/* Begin XCBuildConfiguration section */
		71DDBD9F1E05938A006CD446 /* Debug */ = {
			isa = XCBuildConfiguration;
			buildSettings = {
				ALWAYS_SEARCH_USER_PATHS = NO;
				CLANG_ANALYZER_NONNULL = YES;
				CLANG_CXX_LANGUAGE_STANDARD = "gnu++0x";
				CLANG_CXX_LIBRARY = "libc++";
				CLANG_ENABLE_MODULES = YES;
				CLANG_ENABLE_OBJC_ARC = YES;
				CLANG_WARN_BOOL_CONVERSION = YES;
				CLANG_WARN_CONSTANT_CONVERSION = YES;
				CLANG_WARN_DIRECT_OBJC_ISA_USAGE = YES_ERROR;
				CLANG_WARN_DOCUMENTATION_COMMENTS = YES;
				CLANG_WARN_EMPTY_BODY = YES;
				CLANG_WARN_ENUM_CONVERSION = YES;
				CLANG_WARN_INFINITE_RECURSION = YES;
				CLANG_WARN_INT_CONVERSION = YES;
				CLANG_WARN_OBJC_ROOT_CLASS = YES_ERROR;
				CLANG_WARN_SUSPICIOUS_MOVE = YES;
				CLANG_WARN_UNREACHABLE_CODE = YES;
				CLANG_WARN__DUPLICATE_METHOD_MATCH = YES;
				CODE_SIGN_IDENTITY = "-";
				COPY_PHASE_STRIP = NO;
				DEBUG_INFORMATION_FORMAT = dwarf;
				ENABLE_STRICT_OBJC_MSGSEND = YES;
				ENABLE_TESTABILITY = YES;
				GCC_C_LANGUAGE_STANDARD = gnu99;
				GCC_DYNAMIC_NO_PIC = NO;
				GCC_NO_COMMON_BLOCKS = YES;
				GCC_OPTIMIZATION_LEVEL = 0;
				GCC_PREPROCESSOR_DEFINITIONS = (
					"DEBUG=1",
					"$(inherited)",
				);
				GCC_WARN_64_TO_32_BIT_CONVERSION = YES;
				GCC_WARN_ABOUT_RETURN_TYPE = YES_ERROR;
				GCC_WARN_UNDECLARED_SELECTOR = YES;
				GCC_WARN_UNINITIALIZED_AUTOS = YES_AGGRESSIVE;
				GCC_WARN_UNUSED_FUNCTION = YES;
				GCC_WARN_UNUSED_VARIABLE = YES;
				MACOSX_DEPLOYMENT_TARGET = 10.12;
				MTL_ENABLE_DEBUG_INFO = YES;
				ONLY_ACTIVE_ARCH = YES;
				SDKROOT = macosx;
			};
			name = Debug;
		};
		71DDBDA01E05938A006CD446 /* Release */ = {
			isa = XCBuildConfiguration;
			buildSettings = {
				ALWAYS_SEARCH_USER_PATHS = NO;
				CLANG_ANALYZER_NONNULL = YES;
				CLANG_CXX_LANGUAGE_STANDARD = "gnu++0x";
				CLANG_CXX_LIBRARY = "libc++";
				CLANG_ENABLE_MODULES = YES;
				CLANG_ENABLE_OBJC_ARC = YES;
				CLANG_WARN_BOOL_CONVERSION = YES;
				CLANG_WARN_CONSTANT_CONVERSION = YES;
				CLANG_WARN_DIRECT_OBJC_ISA_USAGE = YES_ERROR;
				CLANG_WARN_DOCUMENTATION_COMMENTS = YES;
				CLANG_WARN_EMPTY_BODY = YES;
				CLANG_WARN_ENUM_CONVERSION = YES;
				CLANG_WARN_INFINITE_RECURSION = YES;
				CLANG_WARN_INT_CONVERSION = YES;
				CLANG_WARN_OBJC_ROOT_CLASS = YES_ERROR;
				CLANG_WARN_SUSPICIOUS_MOVE = YES;
				CLANG_WARN_UNREACHABLE_CODE = YES;
				CLANG_WARN__DUPLICATE_METHOD_MATCH = YES;
				CODE_SIGN_IDENTITY = "-";
				COPY_PHASE_STRIP = NO;
				DEBUG_INFORMATION_FORMAT = "dwarf-with-dsym";
				ENABLE_NS_ASSERTIONS = NO;
				ENABLE_STRICT_OBJC_MSGSEND = YES;
				GCC_C_LANGUAGE_STANDARD = gnu99;
				GCC_NO_COMMON_BLOCKS = YES;
				GCC_WARN_64_TO_32_BIT_CONVERSION = YES;
				GCC_WARN_ABOUT_RETURN_TYPE = YES_ERROR;
				GCC_WARN_UNDECLARED_SELECTOR = YES;
				GCC_WARN_UNINITIALIZED_AUTOS = YES_AGGRESSIVE;
				GCC_WARN_UNUSED_FUNCTION = YES;
				GCC_WARN_UNUSED_VARIABLE = YES;
				MACOSX_DEPLOYMENT_TARGET = 10.12;
				MTL_ENABLE_DEBUG_INFO = NO;
				SDKROOT = macosx;
			};
			name = Release;
		};
		71DDBDA21E05938A006CD446 /* Debug */ = {
			isa = XCBuildConfiguration;
			buildSettings = {
				PRODUCT_NAME = "$(TARGET_NAME)";
			};
			name = Debug;
		};
		71DDBDA31E05938A006CD446 /* Release */ = {
			isa = XCBuildConfiguration;
			buildSettings = {
				PRODUCT_NAME = "$(TARGET_NAME)";
			};
			name = Release;
		};
/* End XCBuildConfiguration section */

/* Begin XCConfigurationList section */
		71DDBD951E05938A006CD446 /* Build configuration list for PBXProject "StreamanillaClient" */ = {
			isa = XCConfigurationList;
			buildConfigurations = (
				71DDBD9F1E05938A006CD446 /* Debug */,
				71DDBDA01E05938A006CD446 /* Release */,
			);
			defaultConfigurationIsVisible = 0;
			defaultConfigurationName = Release;
		};
		71DDBDA11E05938A006CD446 /* Build configuration list for PBXNativeTarget "StreamanillaClient" */ = {
			isa = XCConfigurationList;
			buildConfigurations = (
				71DDBDA21E05938A006CD446 /* Debug */,
				71DDBDA31E05938A006CD446 /* Release */,
			);
			defaultConfigurationIsVisible = 0;
		};
/* End XCConfigurationList section */
	};
	rootObject = 71DDBD921E05938A006CD446 /* Project object */;
}
